
Microsoft Visual Studio Solution File, Format Version 12.00
# Visual Studio Version 17
VisualStudioVersion = 17.3.32929.385
MinimumVisualStudioVersion = 10.0.40219.1
Project("{9A19103F-16F7-4668-BE54-9A1E7A4F7556}") = "Brainary.Commons", "Brainary.Commons\Brainary.Commons.csproj", "{6B3AAAD8-85B3-45E7-A2AF-E8A35F2805F0}"
EndProject
Project("{FAE04EC0-301F-11D3-BF4B-00C04F79EFBC}") = "Brainary.Commons.Data.Ef", "Brainary.Commons.Data.Ef\Brainary.Commons.Data.Ef.csproj", "{7AD4E59B-8477-491D-83F6-41CF426BEE62}"
EndProject
Global
	GlobalSection(SolutionConfigurationPlatforms) = preSolution
		Debug|Any CPU = Debug|Any CPU
		Release|Any CPU = Release|Any CPU
	EndGlobalSection
	GlobalSection(ProjectConfigurationPlatforms) = postSolution
		{6B3AAAD8-85B3-45E7-A2AF-E8A35F2805F0}.Debug|Any CPU.ActiveCfg = Debug|Any CPU
		{6B3AAAD8-85B3-45E7-A2AF-E8A35F2805F0}.Debug|Any CPU.Build.0 = Debug|Any CPU
		{6B3AAAD8-85B3-45E7-A2AF-E8A35F2805F0}.Release|Any CPU.ActiveCfg = Release|Any CPU
		{6B3AAAD8-85B3-45E7-A2AF-E8A35F2805F0}.Release|Any CPU.Build.0 = Release|Any CPU
		{7AD4E59B-8477-491D-83F6-41CF426BEE62}.Debug|Any CPU.ActiveCfg = Debug|Any CPU
		{7AD4E59B-8477-491D-83F6-41CF426BEE62}.Debug|Any CPU.Build.0 = Debug|Any CPU
		{7AD4E59B-8477-491D-83F6-41CF426BEE62}.Release|Any CPU.ActiveCfg = Release|Any CPU
		{7AD4E59B-8477-491D-83F6-41CF426BEE62}.Release|Any CPU.Build.0 = Release|Any CPU
	EndGlobalSection
	GlobalSection(SolutionProperties) = preSolution
		HideSolutionNode = FALSE
	EndGlobalSection
	GlobalSection(ExtensibilityGlobals) = postSolution
		SolutionGuid = {8736499A-8807-464A-B347-F52DD6C2831F}
	EndGlobalSection
EndGlobal
