
Microsoft Visual Studio Solution File, Format Version 12.00
# Visual Studio 2013
VisualStudioVersion = 12.0.30110.0
MinimumVisualStudioVersion = 10.0.40219.1
Project("{FAE04EC0-301F-11D3-BF4B-00C04F79EFBC}") = "Brainary.Commons", "Brainary.Commons\Brainary.Commons.csproj", "{C8BB793B-1CA0-4D4B-B1ED-3C7DD33F621F}"
EndProject
Project("{2150E333-8FDC-42A3-9474-1A3956D46DE8}") = ".nuget", ".nuget", "{708BC4A7-C7F1-4119-B91A-2311ECEC682B}"
	ProjectSection(SolutionItems) = preProject
		.nuget\NuGet.Config = .nuget\NuGet.Config
		.nuget\NuGet.exe = .nuget\NuGet.exe
		.nuget\NuGet.targets = .nuget\NuGet.targets
	EndProjectSection
EndProject
Project("{FAE04EC0-301F-11D3-BF4B-00C04F79EFBC}") = "Brainary.Commons.Data.Ef", "Brainary.Commons.Data.Ef\Brainary.Commons.Data.Ef.csproj", "{DD51BF42-2DD7-405F-9563-F79248654300}"
EndProject
Project("{FAE04EC0-301F-11D3-BF4B-00C04F79EFBC}") = "Brainary.Commons.Web", "Brainary.Commons.Web\Brainary.Commons.Web.csproj", "{06F531DF-CF2D-4CE0-B388-23A390D16403}"
EndProject
Project("{FAE04EC0-301F-11D3-BF4B-00C04F79EFBC}") = "Brainary.Commons.Unity", "Brainary.Commons.Unity\Brainary.Commons.Unity.csproj", "{67C29579-99CC-4797-B55C-A34A71D667E8}"
EndProject
Project("{FAE04EC0-301F-11D3-BF4B-00C04F79EFBC}") = "Brainary.Commons.Web.Datatables", "Brainary.Commons.Web.Datatables\Brainary.Commons.Web.Datatables.csproj", "{AC72872F-5C00-46EC-A2D7-E4D286A206A8}"
EndProject
Project("{FAE04EC0-301F-11D3-BF4B-00C04F79EFBC}") = "Brainary.Commons.Data.MsSql", "Brainary.Commons.Data.MsSql\Brainary.Commons.Data.MsSql.csproj", "{0EA24D8E-F681-47E8-88F6-C3255B457F58}"
EndProject
Project("{FAE04EC0-301F-11D3-BF4B-00C04F79EFBC}") = "Brainary.Commons.Data.Sybase", "Brainary.Commons.Data.Sybase\Brainary.Commons.Data.Sybase.csproj", "{4BCFA12C-1D98-4FB9-AD1F-D3925993ACD9}"
EndProject
Project("{FAE04EC0-301F-11D3-BF4B-00C04F79EFBC}") = "Brainary.Commons.Logging.Lab", "Brainary.Commons.Logging.Lab\Brainary.Commons.Logging.Lab.csproj", "{DEC16A7A-5DE9-42DF-8498-7FDB66588E9C}"
EndProject
Project("{FAE04EC0-301F-11D3-BF4B-00C04F79EFBC}") = "Brainary.Commons.Logging.Log4Net", "Brainary.Commons.Logging.Log4Net\Brainary.Commons.Logging.Log4Net.csproj", "{9D573A0F-8B37-4A7D-95E5-8BD196D50834}"
EndProject
Global
	GlobalSection(SolutionConfigurationPlatforms) = preSolution
		Debug|Any CPU = Debug|Any CPU
		Release|Any CPU = Release|Any CPU
	EndGlobalSection
	GlobalSection(ProjectConfigurationPlatforms) = postSolution
		{C8BB793B-1CA0-4D4B-B1ED-3C7DD33F621F}.Debug|Any CPU.ActiveCfg = Debug|Any CPU
		{C8BB793B-1CA0-4D4B-B1ED-3C7DD33F621F}.Debug|Any CPU.Build.0 = Debug|Any CPU
		{C8BB793B-1CA0-4D4B-B1ED-3C7DD33F621F}.Release|Any CPU.ActiveCfg = Release|Any CPU
		{C8BB793B-1CA0-4D4B-B1ED-3C7DD33F621F}.Release|Any CPU.Build.0 = Release|Any CPU
		{DD51BF42-2DD7-405F-9563-F79248654300}.Debug|Any CPU.ActiveCfg = Debug|Any CPU
		{DD51BF42-2DD7-405F-9563-F79248654300}.Debug|Any CPU.Build.0 = Debug|Any CPU
		{DD51BF42-2DD7-405F-9563-F79248654300}.Release|Any CPU.ActiveCfg = Release|Any CPU
		{DD51BF42-2DD7-405F-9563-F79248654300}.Release|Any CPU.Build.0 = Release|Any CPU
		{06F531DF-CF2D-4CE0-B388-23A390D16403}.Debug|Any CPU.ActiveCfg = Debug|Any CPU
		{06F531DF-CF2D-4CE0-B388-23A390D16403}.Debug|Any CPU.Build.0 = Debug|Any CPU
		{06F531DF-CF2D-4CE0-B388-23A390D16403}.Release|Any CPU.ActiveCfg = Release|Any CPU
		{06F531DF-CF2D-4CE0-B388-23A390D16403}.Release|Any CPU.Build.0 = Release|Any CPU
		{67C29579-99CC-4797-B55C-A34A71D667E8}.Debug|Any CPU.ActiveCfg = Debug|Any CPU
		{67C29579-99CC-4797-B55C-A34A71D667E8}.Debug|Any CPU.Build.0 = Debug|Any CPU
		{67C29579-99CC-4797-B55C-A34A71D667E8}.Release|Any CPU.ActiveCfg = Release|Any CPU
		{67C29579-99CC-4797-B55C-A34A71D667E8}.Release|Any CPU.Build.0 = Release|Any CPU
		{53895522-C72C-499E-9686-D08329E351B5}.Debug|Any CPU.ActiveCfg = Debug|Any CPU
		{53895522-C72C-499E-9686-D08329E351B5}.Debug|Any CPU.Build.0 = Debug|Any CPU
		{53895522-C72C-499E-9686-D08329E351B5}.Release|Any CPU.ActiveCfg = Release|Any CPU
		{53895522-C72C-499E-9686-D08329E351B5}.Release|Any CPU.Build.0 = Release|Any CPU
		{0C8BD6B6-1F83-45A7-9E00-9172E16D0DCB}.Debug|Any CPU.ActiveCfg = Debug|Any CPU
		{0C8BD6B6-1F83-45A7-9E00-9172E16D0DCB}.Debug|Any CPU.Build.0 = Debug|Any CPU
		{0C8BD6B6-1F83-45A7-9E00-9172E16D0DCB}.Release|Any CPU.ActiveCfg = Release|Any CPU
		{0C8BD6B6-1F83-45A7-9E00-9172E16D0DCB}.Release|Any CPU.Build.0 = Release|Any CPU
		{AC72872F-5C00-46EC-A2D7-E4D286A206A8}.Debug|Any CPU.ActiveCfg = Debug|Any CPU
		{AC72872F-5C00-46EC-A2D7-E4D286A206A8}.Debug|Any CPU.Build.0 = Debug|Any CPU
		{AC72872F-5C00-46EC-A2D7-E4D286A206A8}.Release|Any CPU.ActiveCfg = Release|Any CPU
		{AC72872F-5C00-46EC-A2D7-E4D286A206A8}.Release|Any CPU.Build.0 = Release|Any CPU
		{0EA24D8E-F681-47E8-88F6-C3255B457F58}.Debug|Any CPU.ActiveCfg = Debug|Any CPU
		{0EA24D8E-F681-47E8-88F6-C3255B457F58}.Debug|Any CPU.Build.0 = Debug|Any CPU
		{0EA24D8E-F681-47E8-88F6-C3255B457F58}.Release|Any CPU.ActiveCfg = Release|Any CPU
		{0EA24D8E-F681-47E8-88F6-C3255B457F58}.Release|Any CPU.Build.0 = Release|Any CPU
		{4BCFA12C-1D98-4FB9-AD1F-D3925993ACD9}.Debug|Any CPU.ActiveCfg = Debug|Any CPU
		{4BCFA12C-1D98-4FB9-AD1F-D3925993ACD9}.Debug|Any CPU.Build.0 = Debug|Any CPU
		{4BCFA12C-1D98-4FB9-AD1F-D3925993ACD9}.Release|Any CPU.ActiveCfg = Release|Any CPU
		{4BCFA12C-1D98-4FB9-AD1F-D3925993ACD9}.Release|Any CPU.Build.0 = Release|Any CPU
		{DEC16A7A-5DE9-42DF-8498-7FDB66588E9C}.Debug|Any CPU.ActiveCfg = Debug|Any CPU
		{DEC16A7A-5DE9-42DF-8498-7FDB66588E9C}.Debug|Any CPU.Build.0 = Debug|Any CPU
		{DEC16A7A-5DE9-42DF-8498-7FDB66588E9C}.Release|Any CPU.ActiveCfg = Release|Any CPU
		{DEC16A7A-5DE9-42DF-8498-7FDB66588E9C}.Release|Any CPU.Build.0 = Release|Any CPU
		{9D573A0F-8B37-4A7D-95E5-8BD196D50834}.Debug|Any CPU.ActiveCfg = Debug|Any CPU
		{9D573A0F-8B37-4A7D-95E5-8BD196D50834}.Debug|Any CPU.Build.0 = Debug|Any CPU
		{9D573A0F-8B37-4A7D-95E5-8BD196D50834}.Release|Any CPU.ActiveCfg = Release|Any CPU
		{9D573A0F-8B37-4A7D-95E5-8BD196D50834}.Release|Any CPU.Build.0 = Release|Any CPU
	EndGlobalSection
	GlobalSection(SolutionProperties) = preSolution
		HideSolutionNode = FALSE
	EndGlobalSection
	GlobalSection(ExtensibilityGlobals) = postSolution
		EnterpriseLibraryConfigurationToolBinariesPathV6 = EnterpriseLibrary.Common.6.0.1304.0\lib\NET45;EnterpriseLibrary.Data.6.0.1304.0\lib\NET45;EnterpriseLibrary.Logging.6.0.1304.0\lib\NET45
		EnterpriseLibraryConfigurationToolBinariesPath = ..\Packages\Unity.2.1.505.2\lib\NET35;..\Packages\Unity.Interception.2.1.505.2\lib\NET35;..\Packages\EnterpriseLibrary.Common.5.0.505.0\lib\NET35;..\Packages\EnterpriseLibrary.Data.5.0.505.0\lib\NET35;..\Packages\EnterpriseLibrary.Logging.5.0.505.1\lib\NET35
	EndGlobalSection
EndGlobal
